
Microsoft Visual Studio Solution File, Format Version 12.00
# Visual Studio Version 17
VisualStudioVersion = 17.7.34221.43
MinimumVisualStudioVersion = 10.0.40219.1
Project("{FAE04EC0-301F-11D3-BF4B-00C04F79EFBC}") = "SamrAddUser", "SamrAddUser.csproj", "{4FEE4080-5463-4CB9-A041-3240462A7452}"
EndProject
Global
	GlobalSection(SolutionConfigurationPlatforms) = preSolution
		Debug|Any CPU = Debug|Any CPU
		Debug|x64 = Debug|x64
		Release|Any CPU = Release|Any CPU
		Release|x64 = Release|x64
	EndGlobalSection
	GlobalSection(ProjectConfigurationPlatforms) = postSolution
		{4FEE4080-5463-4CB9-A041-3240462A7452}.Debug|Any CPU.ActiveCfg = Debug|Any CPU
		{4FEE4080-5463-4CB9-A041-3240462A7452}.Debug|Any CPU.Build.0 = Debug|Any CPU
		{4FEE4080-5463-4CB9-A041-3240462A7452}.Debug|x64.ActiveCfg = Debug|x64
		{4FEE4080-5463-4CB9-A041-3240462A7452}.Debug|x64.Build.0 = Debug|x64
		{4FEE4080-5463-4CB9-A041-3240462A7452}.Release|Any CPU.ActiveCfg = Release|Any CPU
		{4FEE4080-5463-4CB9-A041-3240462A7452}.Release|Any CPU.Build.0 = Release|Any CPU
		{4FEE4080-5463-4CB9-A041-3240462A7452}.Release|x64.ActiveCfg = Release|x64
		{4FEE4080-5463-4CB9-A041-3240462A7452}.Release|x64.Build.0 = Release|x64
	EndGlobalSection
	GlobalSection(SolutionProperties) = preSolution
		HideSolutionNode = FALSE
	EndGlobalSection
	GlobalSection(ExtensibilityGlobals) = postSolution
		SolutionGuid = {994C0929-8178-4FC3-81AA-BAF2770E42FE}
	EndGlobalSection
EndGlobal
